
Microsoft Visual Studio Solution File, Format Version 12.00
# Visual Studio 14
VisualStudioVersion = 14.0.24627.0
MinimumVisualStudioVersion = 10.0.40219.1
Project("{FAE04EC0-301F-11D3-BF4B-00C04F79EFBC}") = "Samples", "Samples\Samples.csproj", "{1748B8F1-5976-46F1-9496-307C480B4DD5}"
EndProject
Project("{FAE04EC0-301F-11D3-BF4B-00C04F79EFBC}") = "FactoryDefaultWidgetFileManifestUpdater", "FactoryDefaultWidgetFileManifestUpdater\FactoryDefaultWidgetFileManifestUpdater.csproj", "{0BA2676E-1ECB-4E12-937A-3F50D46ED883}"
EndProject
Global
	GlobalSection(SolutionConfigurationPlatforms) = preSolution
		Debug|Any CPU = Debug|Any CPU
		Release|Any CPU = Release|Any CPU
	EndGlobalSection
	GlobalSection(ProjectConfigurationPlatforms) = postSolution
		{1748B8F1-5976-46F1-9496-307C480B4DD5}.Debug|Any CPU.ActiveCfg = Debug|Any CPU
		{1748B8F1-5976-46F1-9496-307C480B4DD5}.Debug|Any CPU.Build.0 = Debug|Any CPU
		{1748B8F1-5976-46F1-9496-307C480B4DD5}.Release|Any CPU.ActiveCfg = Release|Any CPU
		{1748B8F1-5976-46F1-9496-307C480B4DD5}.Release|Any CPU.Build.0 = Release|Any CPU
		{0BA2676E-1ECB-4E12-937A-3F50D46ED883}.Debug|Any CPU.ActiveCfg = Debug|Any CPU
		{0BA2676E-1ECB-4E12-937A-3F50D46ED883}.Debug|Any CPU.Build.0 = Debug|Any CPU
		{0BA2676E-1ECB-4E12-937A-3F50D46ED883}.Release|Any CPU.ActiveCfg = Release|Any CPU
		{0BA2676E-1ECB-4E12-937A-3F50D46ED883}.Release|Any CPU.Build.0 = Release|Any CPU
	EndGlobalSection
	GlobalSection(SolutionProperties) = preSolution
		HideSolutionNode = FALSE
	EndGlobalSection
EndGlobal
